# THIS IS AN AUTOGENERATED FILE. DO NOT EDIT THIS FILE DIRECTLY.
# yarn lockfile v1


matter-js@^0.18.0:
  version "0.18.0"
  resolved "https://registry.yarnpkg.com/matter-js/-/matter-js-0.18.0.tgz#083ced04eb6768f7664dc7ca8948a10e46ad3ed6"
  integrity sha512-/ZVem4WygUnbmo/iE4oHZpZS97btfBtYy5Iwn1396vUZU7YhgVEN8J4UWwfZwY1ZqoTYlPgjvSw9WXauuXL0mg==
